{
  "originHash" : "0aebb5973b1444d6510e74fc05d1671c2a2f13c5b365a28acf0f9a338e66fe67",
  "pins" : [
    {
      "identity" : "common-ios",
      "kind" : "remoteSourceControl",
      "location" : "https://github.com/connorb645/common-ios.git",
      "state" : {
        "branch" : "main",
        "revision" : "3b8b2f524c774b636b46743ab1cbe4cb9a33cda2"
      }
    }
  ],
  "version" : 3
}
